{
  "name": "qwizds",
  "version": "1.0.0",
  "lockfileVersion": 3,
  "requires": true,
  "private": true,
  "type": "module",
  "packages": {},
  "devDependencies": {
    "@vitejs/plugin-react": "^4.3.1",
    "typescript": "^5.5.3",
    "vite": "^5.4.21"
  },
  "scripts": {
    "build": "vite build",
    "dev": "vite"
  }
}
